
Microsoft Visual Studio Solution File, Format Version 12.00
# Visual Studio 15
VisualStudioVersion = 15.0.27703.2000
MinimumVisualStudioVersion = 10.0.40219.1
Project("{FAE04EC0-301F-11D3-BF4B-00C04F79EFBC}") = "HaberSistemi.UI", "HaberSistemi.UI\HaberSistemi.UI.csproj", "{6275A361-7F37-4AA7-8588-1AD485313827}"
EndProject
Project("{FAE04EC0-301F-11D3-BF4B-00C04F79EFBC}") = "HaberSistemi.Admin", "HaberSistemi.Admin\HaberSistemi.Admin.csproj", "{B6C2B287-63FA-44DC-BB85-99D98F0A02DF}"
EndProject
Project("{FAE04EC0-301F-11D3-BF4B-00C04F79EFBC}") = "HaberSistemi.Data", "HaberSistemi.Data\HaberSistemi.Data.csproj", "{86E8FC84-E23B-4E7B-87B4-015D8B97D749}"
EndProject
Project("{FAE04EC0-301F-11D3-BF4B-00C04F79EFBC}") = "HaberSistemi.Core", "HaberSistemi.Core\HaberSistemi.Core.csproj", "{1C41C710-69BB-4711-AEF5-5A75BDF81637}"
EndProject
Project("{FAE04EC0-301F-11D3-BF4B-00C04F79EFBC}") = "HaberSistemi.Service", "HaberSistemi.Service\HaberSistemi.Service.csproj", "{D76BAB2C-6894-4C67-956E-A66D438B473B}"
EndProject
Global
	GlobalSection(SolutionConfigurationPlatforms) = preSolution
		Debug|Any CPU = Debug|Any CPU
		Release|Any CPU = Release|Any CPU
	EndGlobalSection
	GlobalSection(ProjectConfigurationPlatforms) = postSolution
		{6275A361-7F37-4AA7-8588-1AD485313827}.Debug|Any CPU.ActiveCfg = Debug|Any CPU
		{6275A361-7F37-4AA7-8588-1AD485313827}.Debug|Any CPU.Build.0 = Debug|Any CPU
		{6275A361-7F37-4AA7-8588-1AD485313827}.Release|Any CPU.ActiveCfg = Release|Any CPU
		{6275A361-7F37-4AA7-8588-1AD485313827}.Release|Any CPU.Build.0 = Release|Any CPU
		{B6C2B287-63FA-44DC-BB85-99D98F0A02DF}.Debug|Any CPU.ActiveCfg = Debug|Any CPU
		{B6C2B287-63FA-44DC-BB85-99D98F0A02DF}.Debug|Any CPU.Build.0 = Debug|Any CPU
		{B6C2B287-63FA-44DC-BB85-99D98F0A02DF}.Release|Any CPU.ActiveCfg = Release|Any CPU
		{B6C2B287-63FA-44DC-BB85-99D98F0A02DF}.Release|Any CPU.Build.0 = Release|Any CPU
		{86E8FC84-E23B-4E7B-87B4-015D8B97D749}.Debug|Any CPU.ActiveCfg = Debug|Any CPU
		{86E8FC84-E23B-4E7B-87B4-015D8B97D749}.Debug|Any CPU.Build.0 = Debug|Any CPU
		{86E8FC84-E23B-4E7B-87B4-015D8B97D749}.Release|Any CPU.ActiveCfg = Release|Any CPU
		{86E8FC84-E23B-4E7B-87B4-015D8B97D749}.Release|Any CPU.Build.0 = Release|Any CPU
		{1C41C710-69BB-4711-AEF5-5A75BDF81637}.Debug|Any CPU.ActiveCfg = Debug|Any CPU
		{1C41C710-69BB-4711-AEF5-5A75BDF81637}.Debug|Any CPU.Build.0 = Debug|Any CPU
		{1C41C710-69BB-4711-AEF5-5A75BDF81637}.Release|Any CPU.ActiveCfg = Release|Any CPU
		{1C41C710-69BB-4711-AEF5-5A75BDF81637}.Release|Any CPU.Build.0 = Release|Any CPU
		{D76BAB2C-6894-4C67-956E-A66D438B473B}.Debug|Any CPU.ActiveCfg = Debug|Any CPU
		{D76BAB2C-6894-4C67-956E-A66D438B473B}.Debug|Any CPU.Build.0 = Debug|Any CPU
		{D76BAB2C-6894-4C67-956E-A66D438B473B}.Release|Any CPU.ActiveCfg = Release|Any CPU
		{D76BAB2C-6894-4C67-956E-A66D438B473B}.Release|Any CPU.Build.0 = Release|Any CPU
	EndGlobalSection
	GlobalSection(SolutionProperties) = preSolution
		HideSolutionNode = FALSE
	EndGlobalSection
	GlobalSection(ExtensibilityGlobals) = postSolution
		SolutionGuid = {E9F5A60E-85DF-4100-88DE-0715CF94C84F}
	EndGlobalSection
EndGlobal
