
Microsoft Visual Studio Solution File, Format Version 12.00
# Visual Studio 2013
VisualStudioVersion = 12.0.21005.1
MinimumVisualStudioVersion = 10.0.40219.1
Project("{FAE04EC0-301F-11D3-BF4B-00C04F79EFBC}") = "HaberSistemi.UI", "HaberSistemi.UI\HaberSistemi.UI.csproj", "{72A6E189-79F3-4B1F-A7DF-BA4041160C54}"
EndProject
Project("{FAE04EC0-301F-11D3-BF4B-00C04F79EFBC}") = "HaberSistemi.Admin", "HaberSistemi.Admin\HaberSistemi.Admin.csproj", "{D6E4F33B-EE1D-4B15-9701-25670D8C3812}"
EndProject
Project("{FAE04EC0-301F-11D3-BF4B-00C04F79EFBC}") = "HaberSistemi.Data", "HaberSistemi.Data\HaberSistemi.Data.csproj", "{F345B95B-93A1-4C0C-8B15-FDFD860969D7}"
EndProject
Project("{FAE04EC0-301F-11D3-BF4B-00C04F79EFBC}") = "HaberSistemi.Core", "HaberSistemi.Core\HaberSistemi.Core.csproj", "{3A4CF62E-BFCE-48D8-A6E3-18882B1AA3C9}"
EndProject
Project("{FAE04EC0-301F-11D3-BF4B-00C04F79EFBC}") = "HaberSistemi.Service", "HaberSistemi.Service\HaberSistemi.Service.csproj", "{8A416FE8-7672-4E7B-82F6-DC4F75E840E6}"
EndProject
Global
	GlobalSection(SolutionConfigurationPlatforms) = preSolution
		Debug|Any CPU = Debug|Any CPU
		Release|Any CPU = Release|Any CPU
	EndGlobalSection
	GlobalSection(ProjectConfigurationPlatforms) = postSolution
		{72A6E189-79F3-4B1F-A7DF-BA4041160C54}.Debug|Any CPU.ActiveCfg = Debug|Any CPU
		{72A6E189-79F3-4B1F-A7DF-BA4041160C54}.Debug|Any CPU.Build.0 = Debug|Any CPU
		{72A6E189-79F3-4B1F-A7DF-BA4041160C54}.Release|Any CPU.ActiveCfg = Release|Any CPU
		{72A6E189-79F3-4B1F-A7DF-BA4041160C54}.Release|Any CPU.Build.0 = Release|Any CPU
		{D6E4F33B-EE1D-4B15-9701-25670D8C3812}.Debug|Any CPU.ActiveCfg = Debug|Any CPU
		{D6E4F33B-EE1D-4B15-9701-25670D8C3812}.Debug|Any CPU.Build.0 = Debug|Any CPU
		{D6E4F33B-EE1D-4B15-9701-25670D8C3812}.Release|Any CPU.ActiveCfg = Release|Any CPU
		{D6E4F33B-EE1D-4B15-9701-25670D8C3812}.Release|Any CPU.Build.0 = Release|Any CPU
		{F345B95B-93A1-4C0C-8B15-FDFD860969D7}.Debug|Any CPU.ActiveCfg = Debug|Any CPU
		{F345B95B-93A1-4C0C-8B15-FDFD860969D7}.Debug|Any CPU.Build.0 = Debug|Any CPU
		{F345B95B-93A1-4C0C-8B15-FDFD860969D7}.Release|Any CPU.ActiveCfg = Release|Any CPU
		{F345B95B-93A1-4C0C-8B15-FDFD860969D7}.Release|Any CPU.Build.0 = Release|Any CPU
		{3A4CF62E-BFCE-48D8-A6E3-18882B1AA3C9}.Debug|Any CPU.ActiveCfg = Debug|Any CPU
		{3A4CF62E-BFCE-48D8-A6E3-18882B1AA3C9}.Debug|Any CPU.Build.0 = Debug|Any CPU
		{3A4CF62E-BFCE-48D8-A6E3-18882B1AA3C9}.Release|Any CPU.ActiveCfg = Release|Any CPU
		{3A4CF62E-BFCE-48D8-A6E3-18882B1AA3C9}.Release|Any CPU.Build.0 = Release|Any CPU
		{8A416FE8-7672-4E7B-82F6-DC4F75E840E6}.Debug|Any CPU.ActiveCfg = Debug|Any CPU
		{8A416FE8-7672-4E7B-82F6-DC4F75E840E6}.Debug|Any CPU.Build.0 = Debug|Any CPU
		{8A416FE8-7672-4E7B-82F6-DC4F75E840E6}.Release|Any CPU.ActiveCfg = Release|Any CPU
		{8A416FE8-7672-4E7B-82F6-DC4F75E840E6}.Release|Any CPU.Build.0 = Release|Any CPU
	EndGlobalSection
	GlobalSection(SolutionProperties) = preSolution
		HideSolutionNode = FALSE
	EndGlobalSection
EndGlobal
